// !$*UTF8*$!
{
	archiveVersion = 1;
	classes = {
	};
	objectVersion = 48;
	objects = {

/* Begin PBXBuildFile section */
		64F6A72420450E22004B5401 /* AppDelegate.swift in Sources */ = {isa = PBXBuildFile; fileRef = 64F6A72320450E22004B5401 /* AppDelegate.swift */; };
		64F6A72920450E22004B5401 /* Main.storyboard in Resources */ = {isa = PBXBuildFile; fileRef = 64F6A72720450E22004B5401 /* Main.storyboard */; };
		64F6A72B20450E22004B5401 /* Assets.xcassets in Resources */ = {isa = PBXBuildFile; fileRef = 64F6A72A20450E22004B5401 /* Assets.xcassets */; };
		64F6A72E20450E22004B5401 /* LaunchScreen.storyboard in Resources */ = {isa = PBXBuildFile; fileRef = 64F6A72C20450E22004B5401 /* LaunchScreen.storyboard */; };
		64F6A73920450E22004B5401 /* TaskListTests.swift in Sources */ = {isa = PBXBuildFile; fileRef = 64F6A73820450E22004B5401 /* TaskListTests.swift */; };
		64F6A74620548C31004B5401 /* Task.swift in Sources */ = {isa = PBXBuildFile; fileRef = 64F6A74520548C31004B5401 /* Task.swift */; };
		64F6A7482056F0C8004B5401 /* TaskTableViewCell.swift in Sources */ = {isa = PBXBuildFile; fileRef = 64F6A7472056F0C8004B5401 /* TaskTableViewCell.swift */; };
		64F6A74A2056F44D004B5401 /* TaskTableViewController.swift in Sources */ = {isa = PBXBuildFile; fileRef = 64F6A7492056F44D004B5401 /* TaskTableViewController.swift */; };
		64F6A74E20582CA0004B5401 /* TaskViewController.swift in Sources */ = {isa = PBXBuildFile; fileRef = 64F6A74D20582CA0004B5401 /* TaskViewController.swift */; };
/* End PBXBuildFile section */

/* Begin PBXContainerItemProxy section */
		64F6A73520450E22004B5401 /* PBXContainerItemProxy */ = {
			isa = PBXContainerItemProxy;
			containerPortal = 64F6A71820450E22004B5401 /* Project object */;
			proxyType = 1;
			remoteGlobalIDString = 64F6A71F20450E22004B5401;
			remoteInfo = TaskList;
		};
/* End PBXContainerItemProxy section */

/* Begin PBXFileReference section */
		64F6A72020450E22004B5401 /* TaskList.app */ = {isa = PBXFileReference; explicitFileType = wrapper.application; includeInIndex = 0; path = TaskList.app; sourceTree = BUILT_PRODUCTS_DIR; };
		64F6A72320450E22004B5401 /* AppDelegate.swift */ = {isa = PBXFileReference; lastKnownFileType = sourcecode.swift; path = AppDelegate.swift; sourceTree = "<group>"; };
		64F6A72820450E22004B5401 /* Base */ = {isa = PBXFileReference; lastKnownFileType = file.storyboard; name = Base; path = Base.lproj/Main.storyboard; sourceTree = "<group>"; };
		64F6A72A20450E22004B5401 /* Assets.xcassets */ = {isa = PBXFileReference; lastKnownFileType = folder.assetcatalog; path = Assets.xcassets; sourceTree = "<group>"; };
		64F6A72D20450E22004B5401 /* Base */ = {isa = PBXFileReference; lastKnownFileType = file.storyboard; name = Base; path = Base.lproj/LaunchScreen.storyboard; sourceTree = "<group>"; };
		64F6A72F20450E22004B5401 /* Info.plist */ = {isa = PBXFileReference; lastKnownFileType = text.plist.xml; path = Info.plist; sourceTree = "<group>"; };
		64F6A73420450E22004B5401 /* TaskListTests.xctest */ = {isa = PBXFileReference; explicitFileType = wrapper.cfbundle; includeInIndex = 0; path = TaskListTests.xctest; sourceTree = BUILT_PRODUCTS_DIR; };
		64F6A73820450E22004B5401 /* TaskListTests.swift */ = {isa = PBXFileReference; lastKnownFileType = sourcecode.swift; path = TaskListTests.swift; sourceTree = "<group>"; };
		64F6A73A20450E22004B5401 /* Info.plist */ = {isa = PBXFileReference; lastKnownFileType = text.plist.xml; path = Info.plist; sourceTree = "<group>"; };
		64F6A74520548C31004B5401 /* Task.swift */ = {isa = PBXFileReference; lastKnownFileType = sourcecode.swift; path = Task.swift; sourceTree = "<group>"; };
		64F6A7472056F0C8004B5401 /* TaskTableViewCell.swift */ = {isa = PBXFileReference; lastKnownFileType = sourcecode.swift; path = TaskTableViewCell.swift; sourceTree = "<group>"; };
		64F6A7492056F44D004B5401 /* TaskTableViewController.swift */ = {isa = PBXFileReference; lastKnownFileType = sourcecode.swift; path = TaskTableViewController.swift; sourceTree = "<group>"; };
		64F6A74D20582CA0004B5401 /* TaskViewController.swift */ = {isa = PBXFileReference; lastKnownFileType = sourcecode.swift; path = TaskViewController.swift; sourceTree = "<group>"; };
		6800AF34205F2A12009DD22F /* README.md */ = {isa = PBXFileReference; lastKnownFileType = net.daringfireball.markdown; path = README.md; sourceTree = "<group>"; };
/* End PBXFileReference section */

/* Begin PBXFrameworksBuildPhase section */
		64F6A71D20450E22004B5401 /* Frameworks */ = {
			isa = PBXFrameworksBuildPhase;
			buildActionMask = 2147483647;
			files = (
			);
			runOnlyForDeploymentPostprocessing = 0;
		};
		64F6A73120450E22004B5401 /* Frameworks */ = {
			isa = PBXFrameworksBuildPhase;
			buildActionMask = 2147483647;
			files = (
			);
			runOnlyForDeploymentPostprocessing = 0;
		};
/* End PBXFrameworksBuildPhase section */

/* Begin PBXGroup section */
		64F6A71720450E22004B5401 = {
			isa = PBXGroup;
			children = (
				6800AF34205F2A12009DD22F /* README.md */,
				64F6A72220450E22004B5401 /* TaskList */,
				64F6A73720450E22004B5401 /* TaskListTests */,
				64F6A72120450E22004B5401 /* Products */,
			);
			sourceTree = "<group>";
		};
		64F6A72120450E22004B5401 /* Products */ = {
			isa = PBXGroup;
			children = (
				64F6A72020450E22004B5401 /* TaskList.app */,
				64F6A73420450E22004B5401 /* TaskListTests.xctest */,
			);
			name = Products;
			sourceTree = "<group>";
		};
		64F6A72220450E22004B5401 /* TaskList */ = {
			isa = PBXGroup;
			children = (
				64F6A72320450E22004B5401 /* AppDelegate.swift */,
				64F6A72720450E22004B5401 /* Main.storyboard */,
				64F6A72A20450E22004B5401 /* Assets.xcassets */,
				64F6A72C20450E22004B5401 /* LaunchScreen.storyboard */,
				64F6A72F20450E22004B5401 /* Info.plist */,
				64F6A74520548C31004B5401 /* Task.swift */,
				64F6A7492056F44D004B5401 /* TaskTableViewController.swift */,
				64F6A7472056F0C8004B5401 /* TaskTableViewCell.swift */,
				64F6A74D20582CA0004B5401 /* TaskViewController.swift */,
			);
			path = TaskList;
			sourceTree = "<group>";
		};
		64F6A73720450E22004B5401 /* TaskListTests */ = {
			isa = PBXGroup;
			children = (
				64F6A73820450E22004B5401 /* TaskListTests.swift */,
				64F6A73A20450E22004B5401 /* Info.plist */,
			);
			path = TaskListTests;
			sourceTree = "<group>";
		};
/* End PBXGroup section */

/* Begin PBXNativeTarget section */
		64F6A71F20450E22004B5401 /* TaskList */ = {
			isa = PBXNativeTarget;
			buildConfigurationList = 64F6A73D20450E22004B5401 /* Build configuration list for PBXNativeTarget "TaskList" */;
			buildPhases = (
				64F6A71C20450E22004B5401 /* Sources */,
				64F6A71D20450E22004B5401 /* Frameworks */,
				64F6A71E20450E22004B5401 /* Resources */,
			);
			buildRules = (
			);
			dependencies = (
			);
			name = TaskList;
			productName = TaskList;
			productReference = 64F6A72020450E22004B5401 /* TaskList.app */;
			productType = "com.apple.product-type.application";
		};
		64F6A73320450E22004B5401 /* TaskListTests */ = {
			isa = PBXNativeTarget;
			buildConfigurationList = 64F6A74020450E22004B5401 /* Build configuration list for PBXNativeTarget "TaskListTests" */;
			buildPhases = (
				64F6A73020450E22004B5401 /* Sources */,
				64F6A73120450E22004B5401 /* Frameworks */,
				64F6A73220450E22004B5401 /* Resources */,
			);
			buildRules = (
			);
			dependencies = (
				64F6A73620450E22004B5401 /* PBXTargetDependency */,
			);
			name = TaskListTests;
			productName = TaskListTests;
			productReference = 64F6A73420450E22004B5401 /* TaskListTests.xctest */;
			productType = "com.apple.product-type.bundle.unit-test";
		};
/* End PBXNativeTarget section */

/* Begin PBXProject section */
		64F6A71820450E22004B5401 /* Project object */ = {
			isa = PBXProject;
			attributes = {
				LastSwiftUpdateCheck = 0920;
				LastUpgradeCheck = 0920;
				ORGANIZATIONNAME = "Tyler Lienhardt";
				TargetAttributes = {
					64F6A71F20450E22004B5401 = {
						CreatedOnToolsVersion = 9.2;
						ProvisioningStyle = Automatic;
					};
					64F6A73320450E22004B5401 = {
						CreatedOnToolsVersion = 9.2;
						ProvisioningStyle = Automatic;
						TestTargetID = 64F6A71F20450E22004B5401;
					};
				};
			};
			buildConfigurationList = 64F6A71B20450E22004B5401 /* Build configuration list for PBXProject "TaskList" */;
			compatibilityVersion = "Xcode 8.0";
			developmentRegion = en;
			hasScannedForEncodings = 0;
			knownRegions = (
				en,
				Base,
			);
			mainGroup = 64F6A71720450E22004B5401;
			productRefGroup = 64F6A72120450E22004B5401 /* Products */;
			projectDirPath = "";
			projectRoot = "";
			targets = (
				64F6A71F20450E22004B5401 /* TaskList */,
				64F6A73320450E22004B5401 /* TaskListTests */,
			);
		};
/* End PBXProject section */

/* Begin PBXResourcesBuildPhase section */
		64F6A71E20450E22004B5401 /* Resources */ = {
			isa = PBXResourcesBuildPhase;
			buildActionMask = 2147483647;
			files = (
				64F6A72E20450E22004B5401 /* LaunchScreen.storyboard in Resources */,
				64F6A72B20450E22004B5401 /* Assets.xcassets in Resources */,
				64F6A72920450E22004B5401 /* Main.storyboard in Resources */,
			);
			runOnlyForDeploymentPostprocessing = 0;
		};
		64F6A73220450E22004B5401 /* Resources */ = {
			isa = PBXResourcesBuildPhase;
			buildActionMask = 2147483647;
			files = (
			);
			runOnlyForDeploymentPostprocessing = 0;
		};
/* End PBXResourcesBuildPhase section */

/* Begin PBXSourcesBuildPhase section */
		64F6A71C20450E22004B5401 /* Sources */ = {
			isa = PBXSourcesBuildPhase;
			buildActionMask = 2147483647;
			files = (
				64F6A7482056F0C8004B5401 /* TaskTableViewCell.swift in Sources */,
				64F6A74E20582CA0004B5401 /* TaskViewController.swift in Sources */,
				64F6A74620548C31004B5401 /* Task.swift in Sources */,
				64F6A74A2056F44D004B5401 /* TaskTableViewController.swift in Sources */,
				64F6A72420450E22004B5401 /* AppDelegate.swift in Sources */,
			);
			runOnlyForDeploymentPostprocessing = 0;
		};
		64F6A73020450E22004B5401 /* Sources */ = {
			isa = PBXSourcesBuildPhase;
			buildActionMask = 2147483647;
			files = (
				64F6A73920450E22004B5401 /* TaskListTests.swift in Sources */,
			);
			runOnlyForDeploymentPostprocessing = 0;
		};
/* End PBXSourcesBuildPhase section */

/* Begin PBXTargetDependency section */
		64F6A73620450E22004B5401 /* PBXTargetDependency */ = {
			isa = PBXTargetDependency;
			target = 64F6A71F20450E22004B5401 /* TaskList */;
			targetProxy = 64F6A73520450E22004B5401 /* PBXContainerItemProxy */;
		};
/* End PBXTargetDependency section */

/* Begin PBXVariantGroup section */
		64F6A72720450E22004B5401 /* Main.storyboard */ = {
			isa = PBXVariantGroup;
			children = (
				64F6A72820450E22004B5401 /* Base */,
			);
			name = Main.storyboard;
			sourceTree = "<group>";
		};
		64F6A72C20450E22004B5401 /* LaunchScreen.storyboard */ = {
			isa = PBXVariantGroup;
			children = (
				64F6A72D20450E22004B5401 /* Base */,
			);
			name = LaunchScreen.storyboard;
			sourceTree = "<group>";
		};
/* End PBXVariantGroup section */

/* Begin XCBuildConfiguration section */
		64F6A73B20450E22004B5401 /* Debug */ = {
			isa = XCBuildConfiguration;
			buildSettings = {
				ALWAYS_SEARCH_USER_PATHS = NO;
				CLANG_ANALYZER_NONNULL = YES;
				CLANG_ANALYZER_NUMBER_OBJECT_CONVERSION = YES_AGGRESSIVE;
				CLANG_CXX_LANGUAGE_STANDARD = "gnu++14";
				CLANG_CXX_LIBRARY = "libc++";
				CLANG_ENABLE_MODULES = YES;
				CLANG_ENABLE_OBJC_ARC = YES;
				CLANG_WARN_BLOCK_CAPTURE_AUTORELEASING = YES;
				CLANG_WARN_BOOL_CONVERSION = YES;
				CLANG_WARN_COMMA = YES;
				CLANG_WARN_CONSTANT_CONVERSION = YES;
				CLANG_WARN_DIRECT_OBJC_ISA_USAGE = YES_ERROR;
				CLANG_WARN_DOCUMENTATION_COMMENTS = YES;
				CLANG_WARN_EMPTY_BODY = YES;
				CLANG_WARN_ENUM_CONVERSION = YES;
				CLANG_WARN_INFINITE_RECURSION = YES;
				CLANG_WARN_INT_CONVERSION = YES;
				CLANG_WARN_NON_LITERAL_NULL_CONVERSION = YES;
				CLANG_WARN_OBJC_LITERAL_CONVERSION = YES;
				CLANG_WARN_OBJC_ROOT_CLASS = YES_ERROR;
				CLANG_WARN_RANGE_LOOP_ANALYSIS = YES;
				CLANG_WARN_STRICT_PROTOTYPES = YES;
				CLANG_WARN_SUSPICIOUS_MOVE = YES;
				CLANG_WARN_UNGUARDED_AVAILABILITY = YES_AGGRESSIVE;
				CLANG_WARN_UNREACHABLE_CODE = YES;
				CLANG_WARN__DUPLICATE_METHOD_MATCH = YES;
				CODE_SIGN_IDENTITY = "iPhone Developer";
				COPY_PHASE_STRIP = NO;
				DEBUG_INFORMATION_FORMAT = dwarf;
				ENABLE_STRICT_OBJC_MSGSEND = YES;
				ENABLE_TESTABILITY = YES;
				GCC_C_LANGUAGE_STANDARD = gnu11;
				GCC_DYNAMIC_NO_PIC = NO;
				GCC_NO_COMMON_BLOCKS = YES;
				GCC_OPTIMIZATION_LEVEL = 0;
				GCC_PREPROCESSOR_DEFINITIONS = (
					"DEBUG=1",
					"$(inherited)",
				);
				GCC_WARN_64_TO_32_BIT_CONVERSION = YES;
				GCC_WARN_ABOUT_RETURN_TYPE = YES_ERROR;
				GCC_WARN_UNDECLARED_SELECTOR = YES;
				GCC_WARN_UNINITIALIZED_AUTOS = YES_AGGRESSIVE;
				GCC_WARN_UNUSED_FUNCTION = YES;
				GCC_WARN_UNUSED_VARIABLE = YES;
				IPHONEOS_DEPLOYMENT_TARGET = 11.2;
				MTL_ENABLE_DEBUG_INFO = YES;
				ONLY_ACTIVE_ARCH = YES;
				SDKROOT = iphoneos;
				SWIFT_ACTIVE_COMPILATION_CONDITIONS = DEBUG;
				SWIFT_OPTIMIZATION_LEVEL = "-Onone";
			};
			name = Debug;
		};
		64F6A73C20450E22004B5401 /* Release */ = {
			isa = XCBuildConfiguration;
			buildSettings = {
				ALWAYS_SEARCH_USER_PATHS = NO;
				CLANG_ANALYZER_NONNULL = YES;
				CLANG_ANALYZER_NUMBER_OBJECT_CONVERSION = YES_AGGRESSIVE;
				CLANG_CXX_LANGUAGE_STANDARD = "gnu++14";
				CLANG_CXX_LIBRARY = "libc++";
				CLANG_ENABLE_MODULES = YES;
				CLANG_ENABLE_OBJC_ARC = YES;
				CLANG_WARN_BLOCK_CAPTURE_AUTORELEASING = YES;
				CLANG_WARN_BOOL_CONVERSION = YES;
				CLANG_WARN_COMMA = YES;
				CLANG_WARN_CONSTANT_CONVERSION = YES;
				CLANG_WARN_DIRECT_OBJC_ISA_USAGE = YES_ERROR;
				CLANG_WARN_DOCUMENTATION_COMMENTS = YES;
				CLANG_WARN_EMPTY_BODY = YES;
				CLANG_WARN_ENUM_CONVERSION = YES;
				CLANG_WARN_INFINITE_RECURSION = YES;
				CLANG_WARN_INT_CONVERSION = YES;
				CLANG_WARN_NON_LITERAL_NULL_CONVERSION = YES;
				CLANG_WARN_OBJC_LITERAL_CONVERSION = YES;
				CLANG_WARN_OBJC_ROOT_CLASS = YES_ERROR;
				CLANG_WARN_RANGE_LOOP_ANALYSIS = YES;
				CLANG_WARN_STRICT_PROTOTYPES = YES;
				CLANG_WARN_SUSPICIOUS_MOVE = YES;
				CLANG_WARN_UNGUARDED_AVAILABILITY = YES_AGGRESSIVE;
				CLANG_WARN_UNREACHABLE_CODE = YES;
				CLANG_WARN__DUPLICATE_METHOD_MATCH = YES;
				CODE_SIGN_IDENTITY = "iPhone Developer";
				COPY_PHASE_STRIP = NO;
				DEBUG_INFORMATION_FORMAT = "dwarf-with-dsym";
				ENABLE_NS_ASSERTIONS = NO;
				ENABLE_STRICT_OBJC_MSGSEND = YES;
				GCC_C_LANGUAGE_STANDARD = gnu11;
				GCC_NO_COMMON_BLOCKS = YES;
				GCC_WARN_64_TO_32_BIT_CONVERSION = YES;
				GCC_WARN_ABOUT_RETURN_TYPE = YES_ERROR;
				GCC_WARN_UNDECLARED_SELECTOR = YES;
				GCC_WARN_UNINITIALIZED_AUTOS = YES_AGGRESSIVE;
				GCC_WARN_UNUSED_FUNCTION = YES;
				GCC_WARN_UNUSED_VARIABLE = YES;
				IPHONEOS_DEPLOYMENT_TARGET = 11.2;
				MTL_ENABLE_DEBUG_INFO = NO;
				SDKROOT = iphoneos;
				SWIFT_OPTIMIZATION_LEVEL = "-Owholemodule";
				VALIDATE_PRODUCT = YES;
			};
			name = Release;
		};
		64F6A73E20450E22004B5401 /* Debug */ = {
			isa = XCBuildConfiguration;
			buildSettings = {
				ASSETCATALOG_COMPILER_APPICON_NAME = AppIcon;
				CODE_SIGN_STYLE = Automatic;
				INFOPLIST_FILE = TaskList/Info.plist;
				LD_RUNPATH_SEARCH_PATHS = "$(inherited) @executable_path/Frameworks";
				PRODUCT_BUNDLE_IDENTIFIER = tylerlienhardt.TaskList;
				PRODUCT_NAME = "$(TARGET_NAME)";
				SWIFT_VERSION = 4.0;
				TARGETED_DEVICE_FAMILY = "1,2";
			};
			name = Debug;
		};
		64F6A73F20450E22004B5401 /* Release */ = {
			isa = XCBuildConfiguration;
			buildSettings = {
				ASSETCATALOG_COMPILER_APPICON_NAME = AppIcon;
				CODE_SIGN_STYLE = Automatic;
				INFOPLIST_FILE = TaskList/Info.plist;
				LD_RUNPATH_SEARCH_PATHS = "$(inherited) @executable_path/Frameworks";
				PRODUCT_BUNDLE_IDENTIFIER = tylerlienhardt.TaskList;
				PRODUCT_NAME = "$(TARGET_NAME)";
				SWIFT_VERSION = 4.0;
				TARGETED_DEVICE_FAMILY = "1,2";
			};
			name = Release;
		};
		64F6A74120450E22004B5401 /* Debug */ = {
			isa = XCBuildConfiguration;
			buildSettings = {
				ALWAYS_EMBED_SWIFT_STANDARD_LIBRARIES = YES;
				BUNDLE_LOADER = "$(TEST_HOST)";
				CODE_SIGN_STYLE = Automatic;
				INFOPLIST_FILE = TaskListTests/Info.plist;
				LD_RUNPATH_SEARCH_PATHS = "$(inherited) @executable_path/Frameworks @loader_path/Frameworks";
				PRODUCT_BUNDLE_IDENTIFIER = tylerlienhardt.TaskListTests;
				PRODUCT_NAME = "$(TARGET_NAME)";
				SWIFT_VERSION = 4.0;
				TARGETED_DEVICE_FAMILY = "1,2";
				TEST_HOST = "$(BUILT_PRODUCTS_DIR)/TaskList.app/TaskList";
			};
			name = Debug;
		};
		64F6A74220450E22004B5401 /* Release */ = {
			isa = XCBuildConfiguration;
			buildSettings = {
				ALWAYS_EMBED_SWIFT_STANDARD_LIBRARIES = YES;
				BUNDLE_LOADER = "$(TEST_HOST)";
				CODE_SIGN_STYLE = Automatic;
				INFOPLIST_FILE = TaskListTests/Info.plist;
				LD_RUNPATH_SEARCH_PATHS = "$(inherited) @executable_path/Frameworks @loader_path/Frameworks";
				PRODUCT_BUNDLE_IDENTIFIER = tylerlienhardt.TaskListTests;
				PRODUCT_NAME = "$(TARGET_NAME)";
				SWIFT_VERSION = 4.0;
				TARGETED_DEVICE_FAMILY = "1,2";
				TEST_HOST = "$(BUILT_PRODUCTS_DIR)/TaskList.app/TaskList";
			};
			name = Release;
		};
/* End XCBuildConfiguration section */

/* Begin XCConfigurationList section */
		64F6A71B20450E22004B5401 /* Build configuration list for PBXProject "TaskList" */ = {
			isa = XCConfigurationList;
			buildConfigurations = (
				64F6A73B20450E22004B5401 /* Debug */,
				64F6A73C20450E22004B5401 /* Release */,
			);
			defaultConfigurationIsVisible = 0;
			defaultConfigurationName = Release;
		};
		64F6A73D20450E22004B5401 /* Build configuration list for PBXNativeTarget "TaskList" */ = {
			isa = XCConfigurationList;
			buildConfigurations = (
				64F6A73E20450E22004B5401 /* Debug */,
				64F6A73F20450E22004B5401 /* Release */,
			);
			defaultConfigurationIsVisible = 0;
			defaultConfigurationName = Release;
		};
		64F6A74020450E22004B5401 /* Build configuration list for PBXNativeTarget "TaskListTests" */ = {
			isa = XCConfigurationList;
			buildConfigurations = (
				64F6A74120450E22004B5401 /* Debug */,
				64F6A74220450E22004B5401 /* Release */,
			);
			defaultConfigurationIsVisible = 0;
			defaultConfigurationName = Release;
		};
/* End XCConfigurationList section */
	};
	rootObject = 64F6A71820450E22004B5401 /* Project object */;
}
